
Microsoft Visual Studio Solution File, Format Version 12.00
# Visual Studio Version 17
VisualStudioVersion = 17.7.34031.279
MinimumVisualStudioVersion = 10.0.40219.1
Project("{FAE04EC0-301F-11D3-BF4B-00C04F79EFBC}") = "zal1", "zal1\zal1.csproj", "{F9209835-A781-4B18-B10E-B2DC73AFDDAF}"
EndProject
Global
	GlobalSection(SolutionConfigurationPlatforms) = preSolution
		Debug|Any CPU = Debug|Any CPU
		Release|Any CPU = Release|Any CPU
	EndGlobalSection
	GlobalSection(ProjectConfigurationPlatforms) = postSolution
		{F9209835-A781-4B18-B10E-B2DC73AFDDAF}.Debug|Any CPU.ActiveCfg = Debug|Any CPU
		{F9209835-A781-4B18-B10E-B2DC73AFDDAF}.Debug|Any CPU.Build.0 = Debug|Any CPU
		{F9209835-A781-4B18-B10E-B2DC73AFDDAF}.Release|Any CPU.ActiveCfg = Release|Any CPU
		{F9209835-A781-4B18-B10E-B2DC73AFDDAF}.Release|Any CPU.Build.0 = Release|Any CPU
	EndGlobalSection
	GlobalSection(SolutionProperties) = preSolution
		HideSolutionNode = FALSE
	EndGlobalSection
	GlobalSection(ExtensibilityGlobals) = postSolution
		SolutionGuid = {09E80676-8615-4908-9AD7-C0A3C0C2BB65}
	EndGlobalSection
EndGlobal
